{
  "pins" : [
    {
      "identity" : "cloudinary_ios",
      "kind" : "remoteSourceControl",
      "location" : "https://github.com/cloudinary/cloudinary_ios",
      "state" : {
        "revision" : "b12303417088fa15e9ea9569890ab85005d261fa",
        "version" : "3.2.1"
      }
    }
  ],
  "version" : 2
}
